
Microsoft Visual Studio Solution File, Format Version 12.00
# Visual Studio Version 17
VisualStudioVersion = 17.0.31903.59
MinimumVisualStudioVersion = 10.0.40219.1
Project("{FAE04EC0-301F-11D3-BF4B-00C04F79EFBC}") = "DentalClinicBooking", "DentalClinicBooking\DentalClinicBooking.csproj", "{19FCB0EA-E883-4F31-A68C-0A8832574F08}"
EndProject
Project("{FAE04EC0-301F-11D3-BF4B-00C04F79EFBC}") = "ClinicApp", "ClinicApp\ClinicApp.csproj", "{2C4DDB02-9F7F-4DD4-B2C0-5D8D438E7F39}"
EndProject
Global
	GlobalSection(SolutionConfigurationPlatforms) = preSolution
		11|Any CPU = 11|Any CPU
		11|ARM32 = 11|ARM32
		11|x64 = 11|x64
		11|x86 = 11|x86
		Debug|Any CPU = Debug|Any CPU
		Debug|ARM32 = Debug|ARM32
		Debug|x64 = Debug|x64
		Debug|x86 = Debug|x86
		Debugg|Any CPU = Debugg|Any CPU
		Debugg|ARM32 = Debugg|ARM32
		Debugg|x64 = Debugg|x64
		Debugg|x86 = Debugg|x86
		Release|Any CPU = Release|Any CPU
		Release|ARM32 = Release|ARM32
		Release|x64 = Release|x64
		Release|x86 = Release|x86
	EndGlobalSection
	GlobalSection(ProjectConfigurationPlatforms) = postSolution
		{19FCB0EA-E883-4F31-A68C-0A8832574F08}.11|Any CPU.ActiveCfg = Release|Any CPU
		{19FCB0EA-E883-4F31-A68C-0A8832574F08}.11|Any CPU.Build.0 = Release|Any CPU
		{19FCB0EA-E883-4F31-A68C-0A8832574F08}.11|ARM32.ActiveCfg = Release|Any CPU
		{19FCB0EA-E883-4F31-A68C-0A8832574F08}.11|ARM32.Build.0 = Release|Any CPU
		{19FCB0EA-E883-4F31-A68C-0A8832574F08}.11|x64.ActiveCfg = Release|Any CPU
		{19FCB0EA-E883-4F31-A68C-0A8832574F08}.11|x64.Build.0 = Release|Any CPU
		{19FCB0EA-E883-4F31-A68C-0A8832574F08}.11|x86.ActiveCfg = Release|Any CPU
		{19FCB0EA-E883-4F31-A68C-0A8832574F08}.11|x86.Build.0 = Release|Any CPU
		{19FCB0EA-E883-4F31-A68C-0A8832574F08}.Debug|Any CPU.ActiveCfg = Debug|Any CPU
		{19FCB0EA-E883-4F31-A68C-0A8832574F08}.Debug|Any CPU.Build.0 = Debug|Any CPU
		{19FCB0EA-E883-4F31-A68C-0A8832574F08}.Debug|ARM32.ActiveCfg = Debug|Any CPU
		{19FCB0EA-E883-4F31-A68C-0A8832574F08}.Debug|ARM32.Build.0 = Debug|Any CPU
		{19FCB0EA-E883-4F31-A68C-0A8832574F08}.Debug|x64.ActiveCfg = Debug|Any CPU
		{19FCB0EA-E883-4F31-A68C-0A8832574F08}.Debug|x64.Build.0 = Debug|Any CPU
		{19FCB0EA-E883-4F31-A68C-0A8832574F08}.Debug|x86.ActiveCfg = Debug|Any CPU
		{19FCB0EA-E883-4F31-A68C-0A8832574F08}.Debug|x86.Build.0 = Debug|Any CPU
		{19FCB0EA-E883-4F31-A68C-0A8832574F08}.Debugg|Any CPU.ActiveCfg = Debug|Any CPU
		{19FCB0EA-E883-4F31-A68C-0A8832574F08}.Debugg|Any CPU.Build.0 = Debug|Any CPU
		{19FCB0EA-E883-4F31-A68C-0A8832574F08}.Debugg|ARM32.ActiveCfg = Debug|Any CPU
		{19FCB0EA-E883-4F31-A68C-0A8832574F08}.Debugg|ARM32.Build.0 = Debug|Any CPU
		{19FCB0EA-E883-4F31-A68C-0A8832574F08}.Debugg|x64.ActiveCfg = Debug|Any CPU
		{19FCB0EA-E883-4F31-A68C-0A8832574F08}.Debugg|x64.Build.0 = Debug|Any CPU
		{19FCB0EA-E883-4F31-A68C-0A8832574F08}.Debugg|x86.ActiveCfg = Debug|Any CPU
		{19FCB0EA-E883-4F31-A68C-0A8832574F08}.Debugg|x86.Build.0 = Debug|Any CPU
		{19FCB0EA-E883-4F31-A68C-0A8832574F08}.Release|Any CPU.ActiveCfg = Release|Any CPU
		{19FCB0EA-E883-4F31-A68C-0A8832574F08}.Release|Any CPU.Build.0 = Release|Any CPU
		{19FCB0EA-E883-4F31-A68C-0A8832574F08}.Release|ARM32.ActiveCfg = Release|Any CPU
		{19FCB0EA-E883-4F31-A68C-0A8832574F08}.Release|ARM32.Build.0 = Release|Any CPU
		{19FCB0EA-E883-4F31-A68C-0A8832574F08}.Release|x64.ActiveCfg = Release|Any CPU
		{19FCB0EA-E883-4F31-A68C-0A8832574F08}.Release|x64.Build.0 = Release|Any CPU
		{19FCB0EA-E883-4F31-A68C-0A8832574F08}.Release|x86.ActiveCfg = Release|Any CPU
		{19FCB0EA-E883-4F31-A68C-0A8832574F08}.Release|x86.Build.0 = Release|Any CPU
		{2C4DDB02-9F7F-4DD4-B2C0-5D8D438E7F39}.11|Any CPU.ActiveCfg = 11|Any CPU
		{2C4DDB02-9F7F-4DD4-B2C0-5D8D438E7F39}.11|Any CPU.Build.0 = 11|Any CPU
		{2C4DDB02-9F7F-4DD4-B2C0-5D8D438E7F39}.11|Any CPU.Deploy.0 = 11|Any CPU
		{2C4DDB02-9F7F-4DD4-B2C0-5D8D438E7F39}.11|ARM32.ActiveCfg = 11|ARM32
		{2C4DDB02-9F7F-4DD4-B2C0-5D8D438E7F39}.11|ARM32.Build.0 = 11|ARM32
		{2C4DDB02-9F7F-4DD4-B2C0-5D8D438E7F39}.11|ARM32.Deploy.0 = 11|ARM32
		{2C4DDB02-9F7F-4DD4-B2C0-5D8D438E7F39}.11|x64.ActiveCfg = 11|Any CPU
		{2C4DDB02-9F7F-4DD4-B2C0-5D8D438E7F39}.11|x64.Build.0 = 11|Any CPU
		{2C4DDB02-9F7F-4DD4-B2C0-5D8D438E7F39}.11|x64.Deploy.0 = 11|Any CPU
		{2C4DDB02-9F7F-4DD4-B2C0-5D8D438E7F39}.11|x86.ActiveCfg = 11|Any CPU
		{2C4DDB02-9F7F-4DD4-B2C0-5D8D438E7F39}.11|x86.Build.0 = 11|Any CPU
		{2C4DDB02-9F7F-4DD4-B2C0-5D8D438E7F39}.11|x86.Deploy.0 = 11|Any CPU
		{2C4DDB02-9F7F-4DD4-B2C0-5D8D438E7F39}.Debug|Any CPU.ActiveCfg = Debug|Any CPU
		{2C4DDB02-9F7F-4DD4-B2C0-5D8D438E7F39}.Debug|Any CPU.Build.0 = Debug|Any CPU
		{2C4DDB02-9F7F-4DD4-B2C0-5D8D438E7F39}.Debug|Any CPU.Deploy.0 = Debug|Any CPU
		{2C4DDB02-9F7F-4DD4-B2C0-5D8D438E7F39}.Debug|ARM32.ActiveCfg = Debug|ARM32
		{2C4DDB02-9F7F-4DD4-B2C0-5D8D438E7F39}.Debug|ARM32.Build.0 = Debug|ARM32
		{2C4DDB02-9F7F-4DD4-B2C0-5D8D438E7F39}.Debug|ARM32.Deploy.0 = Debug|ARM32
		{2C4DDB02-9F7F-4DD4-B2C0-5D8D438E7F39}.Debug|x64.ActiveCfg = Debug|Any CPU
		{2C4DDB02-9F7F-4DD4-B2C0-5D8D438E7F39}.Debug|x64.Build.0 = Debug|Any CPU
		{2C4DDB02-9F7F-4DD4-B2C0-5D8D438E7F39}.Debug|x86.ActiveCfg = Debug|Any CPU
		{2C4DDB02-9F7F-4DD4-B2C0-5D8D438E7F39}.Debug|x86.Build.0 = Debug|Any CPU
		{2C4DDB02-9F7F-4DD4-B2C0-5D8D438E7F39}.Debugg|Any CPU.ActiveCfg = Debugg|Any CPU
		{2C4DDB02-9F7F-4DD4-B2C0-5D8D438E7F39}.Debugg|Any CPU.Build.0 = Debugg|Any CPU
		{2C4DDB02-9F7F-4DD4-B2C0-5D8D438E7F39}.Debugg|Any CPU.Deploy.0 = Debugg|Any CPU
		{2C4DDB02-9F7F-4DD4-B2C0-5D8D438E7F39}.Debugg|ARM32.ActiveCfg = Debugg|ARM32
		{2C4DDB02-9F7F-4DD4-B2C0-5D8D438E7F39}.Debugg|ARM32.Build.0 = Debugg|ARM32
		{2C4DDB02-9F7F-4DD4-B2C0-5D8D438E7F39}.Debugg|ARM32.Deploy.0 = Debugg|ARM32
		{2C4DDB02-9F7F-4DD4-B2C0-5D8D438E7F39}.Debugg|x64.ActiveCfg = Debugg|Any CPU
		{2C4DDB02-9F7F-4DD4-B2C0-5D8D438E7F39}.Debugg|x64.Build.0 = Debugg|Any CPU
		{2C4DDB02-9F7F-4DD4-B2C0-5D8D438E7F39}.Debugg|x64.Deploy.0 = Debugg|Any CPU
		{2C4DDB02-9F7F-4DD4-B2C0-5D8D438E7F39}.Debugg|x86.ActiveCfg = Debugg|Any CPU
		{2C4DDB02-9F7F-4DD4-B2C0-5D8D438E7F39}.Debugg|x86.Build.0 = Debugg|Any CPU
		{2C4DDB02-9F7F-4DD4-B2C0-5D8D438E7F39}.Debugg|x86.Deploy.0 = Debugg|Any CPU
		{2C4DDB02-9F7F-4DD4-B2C0-5D8D438E7F39}.Release|Any CPU.ActiveCfg = Debugg|Any CPU
		{2C4DDB02-9F7F-4DD4-B2C0-5D8D438E7F39}.Release|Any CPU.Build.0 = Debugg|Any CPU
		{2C4DDB02-9F7F-4DD4-B2C0-5D8D438E7F39}.Release|Any CPU.Deploy.0 = Debugg|Any CPU
		{2C4DDB02-9F7F-4DD4-B2C0-5D8D438E7F39}.Release|ARM32.ActiveCfg = Release|ARM32
		{2C4DDB02-9F7F-4DD4-B2C0-5D8D438E7F39}.Release|ARM32.Build.0 = Release|ARM32
		{2C4DDB02-9F7F-4DD4-B2C0-5D8D438E7F39}.Release|ARM32.Deploy.0 = Release|ARM32
		{2C4DDB02-9F7F-4DD4-B2C0-5D8D438E7F39}.Release|x64.ActiveCfg = Release|Any CPU
		{2C4DDB02-9F7F-4DD4-B2C0-5D8D438E7F39}.Release|x64.Build.0 = Release|Any CPU
		{2C4DDB02-9F7F-4DD4-B2C0-5D8D438E7F39}.Release|x86.ActiveCfg = Release|Any CPU
		{2C4DDB02-9F7F-4DD4-B2C0-5D8D438E7F39}.Release|x86.Build.0 = Release|Any CPU
	EndGlobalSection
	GlobalSection(SolutionProperties) = preSolution
		HideSolutionNode = FALSE
	EndGlobalSection
	GlobalSection(ExtensibilityGlobals) = postSolution
		SolutionGuid = {4B8D3103-D2C1-4339-B5C4-9DDCCEC30B4C}
	EndGlobalSection
EndGlobal
